{
  "name": "wuu-git-delivery",
  "lockfileVersion": 3,
  "requires": true,
  "packages": {
    "": {
      "name": "wuu-git-delivery",
      "dependencies": {
        "@wuu/plugin-sdk": "file:../../../packages/plugin-sdk"
      }
    },
    "../../../packages/plugin-sdk": {
      "name": "@wuu/plugin-sdk",
      "version": "0.1.0",
      "devDependencies": {
        "typescript": "^5.0.0"
      },
      "engines": {
        "node": ">=22"
      }
    },
    "node_modules/@wuu/plugin-sdk": {
      "resolved": "../../../packages/plugin-sdk",
      "link": true
    }
  }
}
